dependencies:
- name: opensearch
  repository: https://opensearch-project.github.io/helm-charts
  version: 2.21.0
- name: postgresql
  repository: oci://registry-1.docker.io/bitnamicharts
  version: 15.5.20
- name: rabbitmq
  repository: oci://registry-1.docker.io/bitnamicharts
  version: 14.6.6
- name: redis
  repository: oci://registry-1.docker.io/bitnamicharts
  version: 19.6.4
digest: sha256:0ecb1b4eb7d165ebd66869601f5b0ac12a86224ee2e3b6a3406b69a59e95825a
generated: "2024-08-09T10:48:57.725257792+02:00"
